
Microsoft Visual Studio Solution File, Format Version 12.00
# Visual Studio Version 17
VisualStudioVersion = 17.2.32616.157
MinimumVisualStudioVersion = 10.0.40219.1
Project("{FAE04EC0-301F-11D3-BF4B-00C04F79EFBC}") = "RAA_M02C", "RAA_M02C\RAA_M02C.csproj", "{094198DE-5CAA-48BF-8C1E-DC435FEED565}"
EndProject
Global
	GlobalSection(SolutionConfigurationPlatforms) = preSolution
		Debug|Any CPU = Debug|Any CPU
		Release|Any CPU = Release|Any CPU
	EndGlobalSection
	GlobalSection(ProjectConfigurationPlatforms) = postSolution
		{094198DE-5CAA-48BF-8C1E-DC435FEED565}.Debug|Any CPU.ActiveCfg = Debug|Any CPU
		{094198DE-5CAA-48BF-8C1E-DC435FEED565}.Debug|Any CPU.Build.0 = Debug|Any CPU
		{094198DE-5CAA-48BF-8C1E-DC435FEED565}.Release|Any CPU.ActiveCfg = Release|Any CPU
		{094198DE-5CAA-48BF-8C1E-DC435FEED565}.Release|Any CPU.Build.0 = Release|Any CPU
	EndGlobalSection
	GlobalSection(SolutionProperties) = preSolution
		HideSolutionNode = FALSE
	EndGlobalSection
	GlobalSection(ExtensibilityGlobals) = postSolution
		SolutionGuid = {25540004-ED76-40C7-B679-F31026DF0822}
	EndGlobalSection
EndGlobal
